{
    "_meta": {
        "hash": {
            "sha256": "61a9cfc3c5636a7d416a9317a6204405d88fdba878cf9ed4be4c7b06be680925"
        },
        "pipfile-spec": 6,
        "requires": {
            "python_version": "3.8"
        },
        "sources": [
            {
                "name": "pypi",
                "url": "https://pypi.org/simple",
                "verify_ssl": true
            }
        ]
    },
    "default": {
        "pymysql": {
            "hashes": [
                "sha256:263040d2779a3b84930f7ac9da5132be0fefcd6f453a885756656103f8ee1fdd",
                "sha256:44f47128dda8676e021c8d2dbb49a82be9e4ab158b9f03e897152a3a287c69ea"
            ],
            "index": "pypi",
            "version": "==0.10.1"
        },
        "tabulate": {
            "hashes": [
                "sha256:ac64cb76d53b1231d364babcd72abbb16855adac7de6665122f97b593f1eb2ba",
                "sha256:db2723a20d04bcda8522165c73eea7c300eda74e0ce852d9022e0159d7895007"
            ],
            "index": "pypi",
            "version": "==0.8.7"
        }
    },
    "develop": {}
}
